
Microsoft Visual Studio Solution File, Format Version 12.00
# Visual Studio 15
VisualStudioVersion = 15.0.27004.2008
MinimumVisualStudioVersion = 10.0.40219.1
Project("{8BC9CEB8-8B4A-11D0-8D11-00A0C91BC942}") = "AtarY Breakout", "AtarY Breakout\AtarY Breakout.vcxproj", "{AA1FCD53-B577-4660-AEEE-98E3350718DD}"
EndProject
Global
	GlobalSection(SolutionConfigurationPlatforms) = preSolution
		Debug|x64 = Debug|x64
		Debug|x86 = Debug|x86
		Release|x64 = Release|x64
		Release|x86 = Release|x86
	EndGlobalSection
	GlobalSection(ProjectConfigurationPlatforms) = postSolution
		{AA1FCD53-B577-4660-AEEE-98E3350718DD}.Debug|x64.ActiveCfg = Debug|x64
		{AA1FCD53-B577-4660-AEEE-98E3350718DD}.Debug|x64.Build.0 = Debug|x64
		{AA1FCD53-B577-4660-AEEE-98E3350718DD}.Debug|x86.ActiveCfg = Debug|Win32
		{AA1FCD53-B577-4660-AEEE-98E3350718DD}.Debug|x86.Build.0 = Debug|Win32
		{AA1FCD53-B577-4660-AEEE-98E3350718DD}.Release|x64.ActiveCfg = Release|x64
		{AA1FCD53-B577-4660-AEEE-98E3350718DD}.Release|x64.Build.0 = Release|x64
		{AA1FCD53-B577-4660-AEEE-98E3350718DD}.Release|x86.ActiveCfg = Release|Win32
		{AA1FCD53-B577-4660-AEEE-98E3350718DD}.Release|x86.Build.0 = Release|Win32
	EndGlobalSection
	GlobalSection(SolutionProperties) = preSolution
		HideSolutionNode = FALSE
	EndGlobalSection
	GlobalSection(ExtensibilityGlobals) = postSolution
		SolutionGuid = {A11A9B7E-BFC4-47EF-BA3F-88BC87834F29}
	EndGlobalSection
EndGlobal
